
Microsoft Visual Studio Solution File, Format Version 12.00
# Visual Studio Version 17
VisualStudioVersion = 17.4.33213.308
MinimumVisualStudioVersion = 10.0.40219.1
Project("{FAE04EC0-301F-11D3-BF4B-00C04F79EFBC}") = "NaliczanieRabatow", "NaliczanieRabatow\NaliczanieRabatow.csproj", "{23AC3DFA-1E2A-456D-A814-1AAFEB62BA0C}"
EndProject
Global
	GlobalSection(SolutionConfigurationPlatforms) = preSolution
		Debug|Any CPU = Debug|Any CPU
		Release|Any CPU = Release|Any CPU
	EndGlobalSection
	GlobalSection(ProjectConfigurationPlatforms) = postSolution
		{23AC3DFA-1E2A-456D-A814-1AAFEB62BA0C}.Debug|Any CPU.ActiveCfg = Debug|Any CPU
		{23AC3DFA-1E2A-456D-A814-1AAFEB62BA0C}.Debug|Any CPU.Build.0 = Debug|Any CPU
		{23AC3DFA-1E2A-456D-A814-1AAFEB62BA0C}.Release|Any CPU.ActiveCfg = Release|Any CPU
		{23AC3DFA-1E2A-456D-A814-1AAFEB62BA0C}.Release|Any CPU.Build.0 = Release|Any CPU
	EndGlobalSection
	GlobalSection(SolutionProperties) = preSolution
		HideSolutionNode = FALSE
	EndGlobalSection
	GlobalSection(ExtensibilityGlobals) = postSolution
		SolutionGuid = {48396039-DF19-480D-BD6A-DF470A75AD30}
	EndGlobalSection
EndGlobal
